// !$*UTF8*$!
{
	archiveVersion = 1;
	classes = {
	};
	objectVersion = 46;
	objects = {

/* Begin PBXBuildFile section */
		1301E390194C24AF0041290E /* Foundation.framework in Frameworks */ = {isa = PBXBuildFile; fileRef = 1301E38F194C24AF0041290E /* Foundation.framework */; };
		1301E392194C24AF0041290E /* CoreGraphics.framework in Frameworks */ = {isa = PBXBuildFile; fileRef = 1301E391194C24AF0041290E /* CoreGraphics.framework */; };
		1301E394194C24AF0041290E /* UIKit.framework in Frameworks */ = {isa = PBXBuildFile; fileRef = 1301E393194C24AF0041290E /* UIKit.framework */; };
		1301E39A194C24AF0041290E /* InfoPlist.strings in Resources */ = {isa = PBXBuildFile; fileRef = 1301E398194C24AF0041290E /* InfoPlist.strings */; };
		1301E39C194C24AF0041290E /* main.m in Sources */ = {isa = PBXBuildFile; fileRef = 1301E39B194C24AF0041290E /* main.m */; };
		1301E3A0194C24AF0041290E /* FSHAppDelegate.m in Sources */ = {isa = PBXBuildFile; fileRef = 1301E39F194C24AF0041290E /* FSHAppDelegate.m */; };
		1301E3A3194C24AF0041290E /* Main_iPhone.storyboard in Resources */ = {isa = PBXBuildFile; fileRef = 1301E3A1194C24AF0041290E /* Main_iPhone.storyboard */; };
		1301E3A6194C24AF0041290E /* Main_iPad.storyboard in Resources */ = {isa = PBXBuildFile; fileRef = 1301E3A4194C24AF0041290E /* Main_iPad.storyboard */; };
		1301E3A9194C24AF0041290E /* FSHViewController.m in Sources */ = {isa = PBXBuildFile; fileRef = 1301E3A8194C24AF0041290E /* FSHViewController.m */; };
		1301E3AB194C24AF0041290E /* Images.xcassets in Resources */ = {isa = PBXBuildFile; fileRef = 1301E3AA194C24AF0041290E /* Images.xcassets */; };
		1301E3B2194C24AF0041290E /* XCTest.framework in Frameworks */ = {isa = PBXBuildFile; fileRef = 1301E3B1194C24AF0041290E /* XCTest.framework */; };
		1301E3B3194C24AF0041290E /* Foundation.framework in Frameworks */ = {isa = PBXBuildFile; fileRef = 1301E38F194C24AF0041290E /* Foundation.framework */; };
		1301E3B4194C24AF0041290E /* UIKit.framework in Frameworks */ = {isa = PBXBuildFile; fileRef = 1301E393194C24AF0041290E /* UIKit.framework */; };
		1301E3BC194C24AF0041290E /* InfoPlist.strings in Resources */ = {isa = PBXBuildFile; fileRef = 1301E3BA194C24AF0041290E /* InfoPlist.strings */; };
		1301E3BE194C24AF0041290E /* nemoTests.m in Sources */ = {isa = PBXBuildFile; fileRef = 1301E3BD194C24AF0041290E /* nemoTests.m */; };
		843BA386194CCD0C005BA6D0 /* Model.xcdatamodeld in Sources */ = {isa = PBXBuildFile; fileRef = 843BA384194CCD0C005BA6D0 /* Model.xcdatamodeld */; };
/* End PBXBuildFile section */

/* Begin PBXContainerItemProxy section */
		1301E3B5194C24AF0041290E /* PBXContainerItemProxy */ = {
			isa = PBXContainerItemProxy;
			containerPortal = 1301E384194C24AF0041290E /* Project object */;
			proxyType = 1;
			remoteGlobalIDString = 1301E38B194C24AF0041290E;
			remoteInfo = nemo;
		};
/* End PBXContainerItemProxy section */

/* Begin PBXFileReference section */
		1301E38C194C24AF0041290E /* nemo.app */ = {isa = PBXFileReference; explicitFileType = wrapper.application; includeInIndex = 0; path = nemo.app; sourceTree = BUILT_PRODUCTS_DIR; };
		1301E38F194C24AF0041290E /* Foundation.framework */ = {isa = PBXFileReference; lastKnownFileType = wrapper.framework; name = Foundation.framework; path = System/Library/Frameworks/Foundation.framework; sourceTree = SDKROOT; };
		1301E391194C24AF0041290E /* CoreGraphics.framework */ = {isa = PBXFileReference; lastKnownFileType = wrapper.framework; name = CoreGraphics.framework; path = System/Library/Frameworks/CoreGraphics.framework; sourceTree = SDKROOT; };
		1301E393194C24AF0041290E /* UIKit.framework */ = {isa = PBXFileReference; lastKnownFileType = wrapper.framework; name = UIKit.framework; path = System/Library/Frameworks/UIKit.framework; sourceTree = SDKROOT; };
		1301E397194C24AF0041290E /* nemo-Info.plist */ = {isa = PBXFileReference; lastKnownFileType = text.plist.xml; path = "nemo-Info.plist"; sourceTree = "<group>"; };
		1301E399194C24AF0041290E /* en */ = {isa = PBXFileReference; lastKnownFileType = text.plist.strings; name = en; path = en.lproj/InfoPlist.strings; sourceTree = "<group>"; };
		1301E39B194C24AF0041290E /* main.m */ = {isa = PBXFileReference; lastKnownFileType = sourcecode.c.objc; path = main.m; sourceTree = "<group>"; };
		1301E39D194C24AF0041290E /* nemo-Prefix.pch */ = {isa = PBXFileReference; lastKnownFileType = sourcecode.c.h; path = "nemo-Prefix.pch"; sourceTree = "<group>"; };
		1301E39E194C24AF0041290E /* FSHAppDelegate.h */ = {isa = PBXFileReference; lastKnownFileType = sourcecode.c.h; path = FSHAppDelegate.h; sourceTree = "<group>"; };
		1301E39F194C24AF0041290E /* FSHAppDelegate.m */ = {isa = PBXFileReference; lastKnownFileType = sourcecode.c.objc; path = FSHAppDelegate.m; sourceTree = "<group>"; };
		1301E3A2194C24AF0041290E /* Base */ = {isa = PBXFileReference; lastKnownFileType = file.storyboard; name = Base; path = Base.lproj/Main_iPhone.storyboard; sourceTree = "<group>"; };
		1301E3A5194C24AF0041290E /* Base */ = {isa = PBXFileReference; lastKnownFileType = file.storyboard; name = Base; path = Base.lproj/Main_iPad.storyboard; sourceTree = "<group>"; };
		1301E3A7194C24AF0041290E /* FSHViewController.h */ = {isa = PBXFileReference; lastKnownFileType = sourcecode.c.h; path = FSHViewController.h; sourceTree = "<group>"; };
		1301E3A8194C24AF0041290E /* FSHViewController.m */ = {isa = PBXFileReference; lastKnownFileType = sourcecode.c.objc; path = FSHViewController.m; sourceTree = "<group>"; };
		1301E3AA194C24AF0041290E /* Images.xcassets */ = {isa = PBXFileReference; lastKnownFileType = folder.assetcatalog; path = Images.xcassets; sourceTree = "<group>"; };
		1301E3B0194C24AF0041290E /* nemoTests.xctest */ = {isa = PBXFileReference; explicitFileType = wrapper.cfbundle; includeInIndex = 0; path = nemoTests.xctest; sourceTree = BUILT_PRODUCTS_DIR; };
		1301E3B1194C24AF0041290E /* XCTest.framework */ = {isa = PBXFileReference; lastKnownFileType = wrapper.framework; name = XCTest.framework; path = Library/Frameworks/XCTest.framework; sourceTree = DEVELOPER_DIR; };
		1301E3B9194C24AF0041290E /* nemoTests-Info.plist */ = {isa = PBXFileReference; lastKnownFileType = text.plist.xml; path = "nemoTests-Info.plist"; sourceTree = "<group>"; };
		1301E3BB194C24AF0041290E /* en */ = {isa = PBXFileReference; lastKnownFileType = text.plist.strings; name = en; path = en.lproj/InfoPlist.strings; sourceTree = "<group>"; };
		1301E3BD194C24AF0041290E /* nemoTests.m */ = {isa = PBXFileReference; lastKnownFileType = sourcecode.c.objc; path = nemoTests.m; sourceTree = "<group>"; };
		843BA385194CCD0C005BA6D0 /* Model.xcdatamodel */ = {isa = PBXFileReference; lastKnownFileType = wrapper.xcdatamodel; path = Model.xcdatamodel; sourceTree = "<group>"; };
/* End PBXFileReference section */

/* Begin PBXFrameworksBuildPhase section */
		1301E389194C24AF0041290E /* Frameworks */ = {
			isa = PBXFrameworksBuildPhase;
			buildActionMask = 2147483647;
			files = (
				1301E392194C24AF0041290E /* CoreGraphics.framework in Frameworks */,
				1301E394194C24AF0041290E /* UIKit.framework in Frameworks */,
				1301E390194C24AF0041290E /* Foundation.framework in Frameworks */,
			);
			runOnlyForDeploymentPostprocessing = 0;
		};
		1301E3AD194C24AF0041290E /* Frameworks */ = {
			isa = PBXFrameworksBuildPhase;
			buildActionMask = 2147483647;
			files = (
				1301E3B2194C24AF0041290E /* XCTest.framework in Frameworks */,
				1301E3B4194C24AF0041290E /* UIKit.framework in Frameworks */,
				1301E3B3194C24AF0041290E /* Foundation.framework in Frameworks */,
			);
			runOnlyForDeploymentPostprocessing = 0;
		};
/* End PBXFrameworksBuildPhase section */

/* Begin PBXGroup section */
		1301E383194C24AF0041290E = {
			isa = PBXGroup;
			children = (
				1301E395194C24AF0041290E /* nemo */,
				1301E3B7194C24AF0041290E /* nemoTests */,
				1301E38E194C24AF0041290E /* Frameworks */,
				1301E38D194C24AF0041290E /* Products */,
			);
			sourceTree = "<group>";
		};
		1301E38D194C24AF0041290E /* Products */ = {
			isa = PBXGroup;
			children = (
				1301E38C194C24AF0041290E /* nemo.app */,
				1301E3B0194C24AF0041290E /* nemoTests.xctest */,
			);
			name = Products;
			sourceTree = "<group>";
		};
		1301E38E194C24AF0041290E /* Frameworks */ = {
			isa = PBXGroup;
			children = (
				1301E38F194C24AF0041290E /* Foundation.framework */,
				1301E391194C24AF0041290E /* CoreGraphics.framework */,
				1301E393194C24AF0041290E /* UIKit.framework */,
				1301E3B1194C24AF0041290E /* XCTest.framework */,
			);
			name = Frameworks;
			sourceTree = "<group>";
		};
		1301E395194C24AF0041290E /* nemo */ = {
			isa = PBXGroup;
			children = (
				1301E39E194C24AF0041290E /* FSHAppDelegate.h */,
				1301E39F194C24AF0041290E /* FSHAppDelegate.m */,
				1301E3A1194C24AF0041290E /* Main_iPhone.storyboard */,
				843BA384194CCD0C005BA6D0 /* Model.xcdatamodeld */,
				1301E3A4194C24AF0041290E /* Main_iPad.storyboard */,
				1301E3A7194C24AF0041290E /* FSHViewController.h */,
				1301E3A8194C24AF0041290E /* FSHViewController.m */,
				1301E3AA194C24AF0041290E /* Images.xcassets */,
				1301E396194C24AF0041290E /* Supporting Files */,
			);
			path = nemo;
			sourceTree = "<group>";
		};
		1301E396194C24AF0041290E /* Supporting Files */ = {
			isa = PBXGroup;
			children = (
				1301E397194C24AF0041290E /* nemo-Info.plist */,
				1301E398194C24AF0041290E /* InfoPlist.strings */,
				1301E39B194C24AF0041290E /* main.m */,
				1301E39D194C24AF0041290E /* nemo-Prefix.pch */,
			);
			name = "Supporting Files";
			sourceTree = "<group>";
		};
		1301E3B7194C24AF0041290E /* nemoTests */ = {
			isa = PBXGroup;
			children = (
				1301E3BD194C24AF0041290E /* nemoTests.m */,
				1301E3B8194C24AF0041290E /* Supporting Files */,
			);
			path = nemoTests;
			sourceTree = "<group>";
		};
		1301E3B8194C24AF0041290E /* Supporting Files */ = {
			isa = PBXGroup;
			children = (
				1301E3B9194C24AF0041290E /* nemoTests-Info.plist */,
				1301E3BA194C24AF0041290E /* InfoPlist.strings */,
			);
			name = "Supporting Files";
			sourceTree = "<group>";
		};
/* End PBXGroup section */

/* Begin PBXNativeTarget section */
		1301E38B194C24AF0041290E /* nemo */ = {
			isa = PBXNativeTarget;
			buildConfigurationList = 1301E3C1194C24AF0041290E /* Build configuration list for PBXNativeTarget "nemo" */;
			buildPhases = (
				1301E388194C24AF0041290E /* Sources */,
				1301E389194C24AF0041290E /* Frameworks */,
				1301E38A194C24AF0041290E /* Resources */,
			);
			buildRules = (
			);
			dependencies = (
			);
			name = nemo;
			productName = nemo;
			productReference = 1301E38C194C24AF0041290E /* nemo.app */;
			productType = "com.apple.product-type.application";
		};
		1301E3AF194C24AF0041290E /* nemoTests */ = {
			isa = PBXNativeTarget;
			buildConfigurationList = 1301E3C4194C24AF0041290E /* Build configuration list for PBXNativeTarget "nemoTests" */;
			buildPhases = (
				1301E3AC194C24AF0041290E /* Sources */,
				1301E3AD194C24AF0041290E /* Frameworks */,
				1301E3AE194C24AF0041290E /* Resources */,
			);
			buildRules = (
			);
			dependencies = (
				1301E3B6194C24AF0041290E /* PBXTargetDependency */,
			);
			name = nemoTests;
			productName = nemoTests;
			productReference = 1301E3B0194C24AF0041290E /* nemoTests.xctest */;
			productType = "com.apple.product-type.bundle.unit-test";
		};
/* End PBXNativeTarget section */

/* Begin PBXProject section */
		1301E384194C24AF0041290E /* Project object */ = {
			isa = PBXProject;
			attributes = {
				CLASSPREFIX = FSH;
				LastUpgradeCheck = 0510;
				ORGANIZATIONNAME = Fishackathon;
				TargetAttributes = {
					1301E3AF194C24AF0041290E = {
						TestTargetID = 1301E38B194C24AF0041290E;
					};
				};
			};
			buildConfigurationList = 1301E387194C24AF0041290E /* Build configuration list for PBXProject "nemo" */;
			compatibilityVersion = "Xcode 3.2";
			developmentRegion = English;
			hasScannedForEncodings = 0;
			knownRegions = (
				en,
				Base,
			);
			mainGroup = 1301E383194C24AF0041290E;
			productRefGroup = 1301E38D194C24AF0041290E /* Products */;
			projectDirPath = "";
			projectRoot = "";
			targets = (
				1301E38B194C24AF0041290E /* nemo */,
				1301E3AF194C24AF0041290E /* nemoTests */,
			);
		};
/* End PBXProject section */

/* Begin PBXResourcesBuildPhase section */
		1301E38A194C24AF0041290E /* Resources */ = {
			isa = PBXResourcesBuildPhase;
			buildActionMask = 2147483647;
			files = (
				1301E3A6194C24AF0041290E /* Main_iPad.storyboard in Resources */,
				1301E3AB194C24AF0041290E /* Images.xcassets in Resources */,
				1301E3A3194C24AF0041290E /* Main_iPhone.storyboard in Resources */,
				1301E39A194C24AF0041290E /* InfoPlist.strings in Resources */,
			);
			runOnlyForDeploymentPostprocessing = 0;
		};
		1301E3AE194C24AF0041290E /* Resources */ = {
			isa = PBXResourcesBuildPhase;
			buildActionMask = 2147483647;
			files = (
				1301E3BC194C24AF0041290E /* InfoPlist.strings in Resources */,
			);
			runOnlyForDeploymentPostprocessing = 0;
		};
/* End PBXResourcesBuildPhase section */

/* Begin PBXSourcesBuildPhase section */
		1301E388194C24AF0041290E /* Sources */ = {
			isa = PBXSourcesBuildPhase;
			buildActionMask = 2147483647;
			files = (
				1301E3A0194C24AF0041290E /* FSHAppDelegate.m in Sources */,
				1301E3A9194C24AF0041290E /* FSHViewController.m in Sources */,
				1301E39C194C24AF0041290E /* main.m in Sources */,
				843BA386194CCD0C005BA6D0 /* Model.xcdatamodeld in Sources */,
			);
			runOnlyForDeploymentPostprocessing = 0;
		};
		1301E3AC194C24AF0041290E /* Sources */ = {
			isa = PBXSourcesBuildPhase;
			buildActionMask = 2147483647;
			files = (
				1301E3BE194C24AF0041290E /* nemoTests.m in Sources */,
			);
			runOnlyForDeploymentPostprocessing = 0;
		};
/* End PBXSourcesBuildPhase section */

/* Begin PBXTargetDependency section */
		1301E3B6194C24AF0041290E /* PBXTargetDependency */ = {
			isa = PBXTargetDependency;
			target = 1301E38B194C24AF0041290E /* nemo */;
			targetProxy = 1301E3B5194C24AF0041290E /* PBXContainerItemProxy */;
		};
/* End PBXTargetDependency section */

/* Begin PBXVariantGroup section */
		1301E398194C24AF0041290E /* InfoPlist.strings */ = {
			isa = PBXVariantGroup;
			children = (
				1301E399194C24AF0041290E /* en */,
			);
			name = InfoPlist.strings;
			sourceTree = "<group>";
		};
		1301E3A1194C24AF0041290E /* Main_iPhone.storyboard */ = {
			isa = PBXVariantGroup;
			children = (
				1301E3A2194C24AF0041290E /* Base */,
			);
			name = Main_iPhone.storyboard;
			sourceTree = "<group>";
		};
		1301E3A4194C24AF0041290E /* Main_iPad.storyboard */ = {
			isa = PBXVariantGroup;
			children = (
				1301E3A5194C24AF0041290E /* Base */,
			);
			name = Main_iPad.storyboard;
			sourceTree = "<group>";
		};
		1301E3BA194C24AF0041290E /* InfoPlist.strings */ = {
			isa = PBXVariantGroup;
			children = (
				1301E3BB194C24AF0041290E /* en */,
			);
			name = InfoPlist.strings;
			sourceTree = "<group>";
		};
/* End PBXVariantGroup section */

/* Begin XCBuildConfiguration section */
		1301E3BF194C24AF0041290E /* Debug */ = {
			isa = XCBuildConfiguration;
			buildSettings = {
				ALWAYS_SEARCH_USER_PATHS = NO;
				CLANG_CXX_LANGUAGE_STANDARD = "gnu++0x";
				CLANG_CXX_LIBRARY = "libc++";
				CLANG_ENABLE_MODULES = YES;
				CLANG_ENABLE_OBJC_ARC = YES;
				CLANG_WARN_BOOL_CONVERSION = YES;
				CLANG_WARN_CONSTANT_CONVERSION = YES;
				CLANG_WARN_DIRECT_OBJC_ISA_USAGE = YES_ERROR;
				CLANG_WARN_EMPTY_BODY = YES;
				CLANG_WARN_ENUM_CONVERSION = YES;
				CLANG_WARN_INT_CONVERSION = YES;
				CLANG_WARN_OBJC_ROOT_CLASS = YES_ERROR;
				CLANG_WARN__DUPLICATE_METHOD_MATCH = YES;
				"CODE_SIGN_IDENTITY[sdk=iphoneos*]" = "iPhone Developer";
				COPY_PHASE_STRIP = NO;
				GCC_C_LANGUAGE_STANDARD = gnu99;
				GCC_DYNAMIC_NO_PIC = NO;
				GCC_OPTIMIZATION_LEVEL = 0;
				GCC_PREPROCESSOR_DEFINITIONS = (
					"DEBUG=1",
					"$(inherited)",
				);
				GCC_SYMBOLS_PRIVATE_EXTERN = NO;
				GCC_WARN_64_TO_32_BIT_CONVERSION = YES;
				GCC_WARN_ABOUT_RETURN_TYPE = YES_ERROR;
				GCC_WARN_UNDECLARED_SELECTOR = YES;
				GCC_WARN_UNINITIALIZED_AUTOS = YES_AGGRESSIVE;
				GCC_WARN_UNUSED_FUNCTION = YES;
				GCC_WARN_UNUSED_VARIABLE = YES;
				IPHONEOS_DEPLOYMENT_TARGET = 7.1;
				ONLY_ACTIVE_ARCH = YES;
				SDKROOT = iphoneos;
				TARGETED_DEVICE_FAMILY = "1,2";
			};
			name = Debug;
		};
		1301E3C0194C24AF0041290E /* Release */ = {
			isa = XCBuildConfiguration;
			buildSettings = {
				ALWAYS_SEARCH_USER_PATHS = NO;
				CLANG_CXX_LANGUAGE_STANDARD = "gnu++0x";
				CLANG_CXX_LIBRARY = "libc++";
				CLANG_ENABLE_MODULES = YES;
				CLANG_ENABLE_OBJC_ARC = YES;
				CLANG_WARN_BOOL_CONVERSION = YES;
				CLANG_WARN_CONSTANT_CONVERSION = YES;
				CLANG_WARN_DIRECT_OBJC_ISA_USAGE = YES_ERROR;
				CLANG_WARN_EMPTY_BODY = YES;
				CLANG_WARN_ENUM_CONVERSION = YES;
				CLANG_WARN_INT_CONVERSION = YES;
				CLANG_WARN_OBJC_ROOT_CLASS = YES_ERROR;
				CLANG_WARN__DUPLICATE_METHOD_MATCH = YES;
				"CODE_SIGN_IDENTITY[sdk=iphoneos*]" = "iPhone Developer";
				COPY_PHASE_STRIP = YES;
				ENABLE_NS_ASSERTIONS = NO;
				GCC_C_LANGUAGE_STANDARD = gnu99;
				GCC_WARN_64_TO_32_BIT_CONVERSION = YES;
				GCC_WARN_ABOUT_RETURN_TYPE = YES_ERROR;
				GCC_WARN_UNDECLARED_SELECTOR = YES;
				GCC_WARN_UNINITIALIZED_AUTOS = YES_AGGRESSIVE;
				GCC_WARN_UNUSED_FUNCTION = YES;
				GCC_WARN_UNUSED_VARIABLE = YES;
				IPHONEOS_DEPLOYMENT_TARGET = 7.1;
				SDKROOT = iphoneos;
				TARGETED_DEVICE_FAMILY = "1,2";
				VALIDATE_PRODUCT = YES;
			};
			name = Release;
		};
		1301E3C2194C24AF0041290E /* Debug */ = {
			isa = XCBuildConfiguration;
			buildSettings = {
				ASSETCATALOG_COMPILER_APPICON_NAME = AppIcon;
				ASSETCATALOG_COMPILER_LAUNCHIMAGE_NAME = LaunchImage;
				GCC_PRECOMPILE_PREFIX_HEADER = YES;
				GCC_PREFIX_HEADER = "nemo/nemo-Prefix.pch";
				INFOPLIST_FILE = "nemo/nemo-Info.plist";
				PRODUCT_NAME = "$(TARGET_NAME)";
				WRAPPER_EXTENSION = app;
			};
			name = Debug;
		};
		1301E3C3194C24AF0041290E /* Release */ = {
			isa = XCBuildConfiguration;
			buildSettings = {
				ASSETCATALOG_COMPILER_APPICON_NAME = AppIcon;
				ASSETCATALOG_COMPILER_LAUNCHIMAGE_NAME = LaunchImage;
				GCC_PRECOMPILE_PREFIX_HEADER = YES;
				GCC_PREFIX_HEADER = "nemo/nemo-Prefix.pch";
				INFOPLIST_FILE = "nemo/nemo-Info.plist";
				PRODUCT_NAME = "$(TARGET_NAME)";
				WRAPPER_EXTENSION = app;
			};
			name = Release;
		};
		1301E3C5194C24AF0041290E /* Debug */ = {
			isa = XCBuildConfiguration;
			buildSettings = {
				BUNDLE_LOADER = "$(BUILT_PRODUCTS_DIR)/nemo.app/nemo";
				FRAMEWORK_SEARCH_PATHS = (
					"$(SDKROOT)/Developer/Library/Frameworks",
					"$(inherited)",
					"$(DEVELOPER_FRAMEWORKS_DIR)",
				);
				GCC_PRECOMPILE_PREFIX_HEADER = YES;
				GCC_PREFIX_HEADER = "nemo/nemo-Prefix.pch";
				GCC_PREPROCESSOR_DEFINITIONS = (
					"DEBUG=1",
					"$(inherited)",
				);
				INFOPLIST_FILE = "nemoTests/nemoTests-Info.plist";
				PRODUCT_NAME = "$(TARGET_NAME)";
				TEST_HOST = "$(BUNDLE_LOADER)";
				WRAPPER_EXTENSION = xctest;
			};
			name = Debug;
		};
		1301E3C6194C24AF0041290E /* Release */ = {
			isa = XCBuildConfiguration;
			buildSettings = {
				BUNDLE_LOADER = "$(BUILT_PRODUCTS_DIR)/nemo.app/nemo";
				FRAMEWORK_SEARCH_PATHS = (
					"$(SDKROOT)/Developer/Library/Frameworks",
					"$(inherited)",
					"$(DEVELOPER_FRAMEWORKS_DIR)",
				);
				GCC_PRECOMPILE_PREFIX_HEADER = YES;
				GCC_PREFIX_HEADER = "nemo/nemo-Prefix.pch";
				INFOPLIST_FILE = "nemoTests/nemoTests-Info.plist";
				PRODUCT_NAME = "$(TARGET_NAME)";
				TEST_HOST = "$(BUNDLE_LOADER)";
				WRAPPER_EXTENSION = xctest;
			};
			name = Release;
		};
/* End XCBuildConfiguration section */

/* Begin XCConfigurationList section */
		1301E387194C24AF0041290E /* Build configuration list for PBXProject "nemo" */ = {
			isa = XCConfigurationList;
			buildConfigurations = (
				1301E3BF194C24AF0041290E /* Debug */,
				1301E3C0194C24AF0041290E /* Release */,
			);
			defaultConfigurationIsVisible = 0;
			defaultConfigurationName = Release;
		};
		1301E3C1194C24AF0041290E /* Build configuration list for PBXNativeTarget "nemo" */ = {
			isa = XCConfigurationList;
			buildConfigurations = (
				1301E3C2194C24AF0041290E /* Debug */,
				1301E3C3194C24AF0041290E /* Release */,
			);
			defaultConfigurationIsVisible = 0;
			defaultConfigurationName = Release;
		};
		1301E3C4194C24AF0041290E /* Build configuration list for PBXNativeTarget "nemoTests" */ = {
			isa = XCConfigurationList;
			buildConfigurations = (
				1301E3C5194C24AF0041290E /* Debug */,
				1301E3C6194C24AF0041290E /* Release */,
			);
			defaultConfigurationIsVisible = 0;
			defaultConfigurationName = Release;
		};
/* End XCConfigurationList section */

/* Begin XCVersionGroup section */
		843BA384194CCD0C005BA6D0 /* Model.xcdatamodeld */ = {
			isa = XCVersionGroup;
			children = (
				843BA385194CCD0C005BA6D0 /* Model.xcdatamodel */,
			);
			currentVersion = 843BA385194CCD0C005BA6D0 /* Model.xcdatamodel */;
			path = Model.xcdatamodeld;
			sourceTree = "<group>";
			versionGroupType = wrapper.xcdatamodel;
		};
/* End XCVersionGroup section */
	};
	rootObject = 1301E384194C24AF0041290E /* Project object */;
}
